{
  "name": "cameo-viewer",
  "lockfileVersion": 2,
  "requires": true,
  "packages": {
    "": {
      "dependencies": {
        "ky": "^1.3.0"
      }
    },
    "node_modules/ky": {
      "version": "1.3.0",
      "resolved": "https://registry.npmjs.org/ky/-/ky-1.3.0.tgz",
      "integrity": "sha512-QUViPXlgP6NKA57IAPff/aZSmRA6qs9wKxlEpayBorwRZG+x2LG7jD4kXh8lnH3q/gkUr64NyZ7kwErUEZJmlw==",
      "engines": {
        "node": ">=18"
      },
      "funding": {
        "url": "https://github.com/sindresorhus/ky?sponsor=1"
      }
    }
  },
  "dependencies": {
    "ky": {
      "version": "1.3.0",
      "resolved": "https://registry.npmjs.org/ky/-/ky-1.3.0.tgz",
      "integrity": "sha512-QUViPXlgP6NKA57IAPff/aZSmRA6qs9wKxlEpayBorwRZG+x2LG7jD4kXh8lnH3q/gkUr64NyZ7kwErUEZJmlw=="
    }
  }
}
